# Generated by pub
# See http://pub.dartlang.org/doc/glossary.html#lockfile
packages:
  analyzer:
    dependency: transitive
    description:
      name: analyzer
      url: "https://pub.dartlang.org"
    source: hosted
    version: "0.30.0+4"
  args:
    dependency: transitive
    description:
      name: args
      url: "https://pub.dartlang.org"
    source: hosted
    version: "1.2.0"
  async:
    dependency: transitive
    description:
      name: async
      url: "https://pub.dartlang.org"
    source: hosted
    version: "2.0.3"
  barback:
    dependency: transitive
    description:
      name: barback
      url: "https://pub.dartlang.org"
    source: hosted
    version: "0.15.2+14"
  bit_set:
    dependency: transitive
    description:
      path: "."
      ref: HEAD
      resolved-ref: "6a63fea13fadc31cda3a98b1ba32cbb3be17e698"
      url: "git://github.com/denniskaselow/bit_set.git"
    source: git
    version: "0.2.0-dev"
  bot:
    dependency: transitive
    description:
      name: bot
      url: "https://pub.dartlang.org"
    source: hosted
    version: "0.28.0"
  browser:
    dependency: "direct main"
    description:
      name: browser
      url: "https://pub.dartlang.org"
    source: hosted
    version: "0.10.0+2"
  charcode:
    dependency: transitive
    description:
      name: charcode
      url: "https://pub.dartlang.org"
    source: hosted
    version: "1.1.1"
  cli_util:
    dependency: transitive
    description:
      name: cli_util
      url: "https://pub.dartlang.org"
    source: hosted
    version: "0.1.2+1"
  collection:
    dependency: transitive
    description:
      name: collection
      url: "https://pub.dartlang.org"
    source: hosted
    version: "1.14.5"
  convert:
    dependency: transitive
    description:
      name: convert
      url: "https://pub.dartlang.org"
    source: hosted
    version: "2.0.1"
  crypto:
    dependency: transitive
    description:
      name: crypto
      url: "https://pub.dartlang.org"
    source: hosted
    version: "2.0.2+1"
  csslib:
    dependency: transitive
    description:
      name: csslib
      url: "https://pub.dartlang.org"
    source: hosted
    version: "0.14.1"
  dart_style:
    dependency: transitive
    description:
      name: dart_style
      url: "https://pub.dartlang.org"
    source: hosted
    version: "1.0.9"
  dart_to_js_script_rewriter:
    dependency: "direct main"
    description:
      name: dart_to_js_script_rewriter
      url: "https://pub.dartlang.org"
    source: hosted
    version: "1.0.3"
  dartemis:
    dependency: "direct main"
    description:
      path: "."
      ref: "feature/ddc"
      resolved-ref: e57c5f202c08884252a565728477ca123b907a20
      url: "git://github.com/denniskaselow/dartemis.git"
    source: git
    version: "0.8.0-dev"
  dartemis_transformer:
    dependency: "direct main"
    description:
      path: "."
      ref: "feature/ddc"
      resolved-ref: d3eb6485d1e1b7d10b367a4045796be8e8a49b0e
      url: "git://github.com/denniskaselow/dartemis_transformer.git"
    source: git
    version: "0.1.2-dev"
  event_bus:
    dependency: transitive
    description:
      name: event_bus
      url: "https://pub.dartlang.org"
    source: hosted
    version: "0.4.1"
  front_end:
    dependency: transitive
    description:
      name: front_end
      url: "https://pub.dartlang.org"
    source: hosted
    version: "0.1.0-alpha.4.1"
  gamedev_helpers:
    dependency: "direct main"
    description:
      path: "."
      ref: "feature/ddc"
      resolved-ref: f999b6bc934aa3ccc07010aa21ec368aae3bbcf1
      url: "git://github.com/kayzgames/gamedev_helpers.git"
    source: git
    version: "0.0.1-dev"
  git:
    dependency: transitive
    description:
      name: git
      url: "https://pub.dartlang.org"
    source: hosted
    version: "0.4.4"
  glob:
    dependency: transitive
    description:
      name: glob
      url: "https://pub.dartlang.org"
    source: hosted
    version: "1.1.5"
  html:
    dependency: transitive
    description:
      name: html
      url: "https://pub.dartlang.org"
    source: hosted
    version: "0.13.2+2"
  isolate:
    dependency: transitive
    description:
      name: isolate
      url: "https://pub.dartlang.org"
    source: hosted
    version: "1.1.0"
  kernel:
    dependency: transitive
    description:
      name: kernel
      url: "https://pub.dartlang.org"
    source: hosted
    version: "0.3.0-alpha.1.1"
  logging:
    dependency: transitive
    description:
      name: logging
      url: "https://pub.dartlang.org"
    source: hosted
    version: "0.11.3+1"
  meta:
    dependency: transitive
    description:
      name: meta
      url: "https://pub.dartlang.org"
    source: hosted
    version: "1.1.2"
  package_config:
    dependency: transitive
    description:
      name: package_config
      url: "https://pub.dartlang.org"
    source: hosted
    version: "1.0.3"
  path:
    dependency: transitive
    description:
      name: path
      url: "https://pub.dartlang.org"
    source: hosted
    version: "1.5.1"
  plugin:
    dependency: transitive
    description:
      name: plugin
      url: "https://pub.dartlang.org"
    source: hosted
    version: "0.2.0+2"
  pool:
    dependency: transitive
    description:
      name: pool
      url: "https://pub.dartlang.org"
    source: hosted
    version: "1.3.4"
  source_span:
    dependency: transitive
    description:
      name: source_span
      url: "https://pub.dartlang.org"
    source: hosted
    version: "1.4.0"
  stack_trace:
    dependency: transitive
    description:
      name: stack_trace
      url: "https://pub.dartlang.org"
    source: hosted
    version: "1.9.1"
  string_scanner:
    dependency: transitive
    description:
      name: string_scanner
      url: "https://pub.dartlang.org"
    source: hosted
    version: "1.0.2"
  tweenengine:
    dependency: transitive
    description:
      name: tweenengine
      url: "https://pub.dartlang.org"
    source: hosted
    version: "0.11.1"
  typed_data:
    dependency: transitive
    description:
      name: typed_data
      url: "https://pub.dartlang.org"
    source: hosted
    version: "1.1.5"
  utf:
    dependency: transitive
    description:
      name: utf
      url: "https://pub.dartlang.org"
    source: hosted
    version: "0.9.0+3"
  vector_math:
    dependency: transitive
    description:
      name: vector_math
      url: "https://pub.dartlang.org"
    source: hosted
    version: "2.0.5"
  watcher:
    dependency: transitive
    description:
      name: watcher
      url: "https://pub.dartlang.org"
    source: hosted
    version: "0.9.7+6"
  when:
    dependency: transitive
    description:
      name: when
      url: "https://pub.dartlang.org"
    source: hosted
    version: "0.2.0"
  which:
    dependency: transitive
    description:
      name: which
      url: "https://pub.dartlang.org"
    source: hosted
    version: "0.1.3"
  yaml:
    dependency: transitive
    description:
      name: yaml
      url: "https://pub.dartlang.org"
    source: hosted
    version: "2.1.13"
sdks:
  dart: ">=2.0.0-dev.15.0 <=2.0.0-dev.19.0"
